
Microsoft Visual Studio Solution File, Format Version 12.00
# Visual Studio Version 17
VisualStudioVersion = 17.0.32112.339
MinimumVisualStudioVersion = 10.0.40219.1
Project("{2150E333-8FDC-42A3-9474-1A3956D46DE8}") = "Gateways", "Gateways", "{8AC597F6-936D-43B1-A28F-82B926FE238C}"
EndProject
Project("{2150E333-8FDC-42A3-9474-1A3956D46DE8}") = "Services", "Services", "{C9894A26-E2CA-442E-9B18-5E05756C6C8A}"
EndProject
Project("{2150E333-8FDC-42A3-9474-1A3956D46DE8}") = "Metadata", "Metadata", "{25CD567D-AA15-4535-9ADA-4F8786E3D389}"
EndProject
Project("{2150E333-8FDC-42A3-9474-1A3956D46DE8}") = "Content", "Content", "{B505FFF4-D0F1-4459-8FBB-B3F219B29766}"
EndProject
Project("{2150E333-8FDC-42A3-9474-1A3956D46DE8}") = "Comment", "Comment", "{96906E9E-5C38-4FDA-B2A6-F876998F451D}"
EndProject
Project("{9A19103F-16F7-4668-BE54-9A1E7A4F7556}") = "docker-compose", "..\docker-compose.dcproj", "{9A733F6B-AAF2-4C34-9FE2-400339E7EA5F}"
EndProject
Project("{2150E333-8FDC-42A3-9474-1A3956D46DE8}") = "AMQP", "AMQP", "{4A307B05-8BA7-40F2-A070-0BF64B3E0EC4}"
EndProject
Project("{2150E333-8FDC-42A3-9474-1A3956D46DE8}") = "Auth", "Auth", "{A5D0D063-5505-4840-90DD-5485C4A887BA}"
EndProject
Project("{9A19103F-16F7-4668-BE54-9A1E7A4F7556}") = "Auth.API", "Auth\Auth.API\Auth.API.csproj", "{A4717E52-00DD-481F-937A-D13F6855B492}"
EndProject
Project("{9A19103F-16F7-4668-BE54-9A1E7A4F7556}") = "Auth.Core", "Auth\Auth.Core\Auth.Core.csproj", "{99C619A3-E2FA-46B0-9986-3A1C8039723B}"
EndProject
Project("{9A19103F-16F7-4668-BE54-9A1E7A4F7556}") = "Auth.Infrastructure", "Auth\Auth.Infrastructure\Auth.Infrastructure.csproj", "{A9319068-F5B8-4468-BCB3-5A11DB9EC1DD}"
EndProject
Project("{9A19103F-16F7-4668-BE54-9A1E7A4F7556}") = "Metadata.API", "Metadata\Metadata.API\Metadata.API.csproj", "{D7FFBAA4-BBD3-4694-8C83-AA69E0EF83CB}"
EndProject
Project("{9A19103F-16F7-4668-BE54-9A1E7A4F7556}") = "Metadata.Core", "Metadata\Metadata.Core\Metadata.Core.csproj", "{E7B6524C-1848-41F2-8948-B545AE132618}"
EndProject
Project("{9A19103F-16F7-4668-BE54-9A1E7A4F7556}") = "Metadata.Infrastructure", "Metadata\Metadata.Infrastructure\Metadata.Infrastructure.csproj", "{AF14C545-D9E2-4E37-B23A-E4D7A3666C43}"
EndProject
Project("{9A19103F-16F7-4668-BE54-9A1E7A4F7556}") = "Content.API", "Content\Content.API\Content.API.csproj", "{62004AE6-B2DD-490E-BAD7-502D398BFEDF}"
EndProject
Project("{9A19103F-16F7-4668-BE54-9A1E7A4F7556}") = "Content.Core", "Content\Content.Core\Content.Core.csproj", "{D6160DEC-C6A2-4B3E-8777-E08CAA3A59D1}"
EndProject
Project("{9A19103F-16F7-4668-BE54-9A1E7A4F7556}") = "Content.Infrastructure", "Content\Content.Infrastructure\Content.Infrastructure.csproj", "{A6FE207C-94A3-478B-957F-4336D1B45E95}"
EndProject
Project("{9A19103F-16F7-4668-BE54-9A1E7A4F7556}") = "MessageContracts", "AMQP\MessageContracts\MessageContracts.csproj", "{4BCB8470-8749-443F-9C6A-C28DC21C8132}"
EndProject
Project("{9A19103F-16F7-4668-BE54-9A1E7A4F7556}") = "OcelotGW", "Gateways\OcelotGW\OcelotGW.csproj", "{AAC60DC8-529A-4FBC-A13A-8E3F0CD46FF1}"
EndProject
Project("{9A19103F-16F7-4668-BE54-9A1E7A4F7556}") = "Comment.Core", "Comment\Comment.Core\Comment.Core.csproj", "{F2B5121C-D641-4951-B1A5-F9C2197E5C69}"
EndProject
Project("{2150E333-8FDC-42A3-9474-1A3956D46DE8}") = "Tests", "Tests", "{78BD3F05-9CC5-4DD9-A88D-03A86F11AF7E}"
EndProject
Project("{9A19103F-16F7-4668-BE54-9A1E7A4F7556}") = "Auth.Tests", "Tests\Auth.Tests\Auth.Tests.csproj", "{CEF2C679-8578-455D-BA4F-8DF323F20877}"
EndProject
Project("{9A19103F-16F7-4668-BE54-9A1E7A4F7556}") = "Content.Tests", "Tests\Content.Tests\Content.Tests.csproj", "{EA8C3DB2-0E78-444C-A676-BC605208BC6E}"
EndProject
Project("{9A19103F-16F7-4668-BE54-9A1E7A4F7556}") = "Metadata.Tests", "Tests\Metadata.Tests\Metadata.Tests.csproj", "{2D10179D-79BA-45A2-85EE-D2863E4085DC}"
EndProject
Global
	GlobalSection(SolutionConfigurationPlatforms) = preSolution
		Debug|Any CPU = Debug|Any CPU
		Release|Any CPU = Release|Any CPU
	EndGlobalSection
	GlobalSection(ProjectConfigurationPlatforms) = postSolution
		{9A733F6B-AAF2-4C34-9FE2-400339E7EA5F}.Debug|Any CPU.ActiveCfg = Debug|Any CPU
		{9A733F6B-AAF2-4C34-9FE2-400339E7EA5F}.Debug|Any CPU.Build.0 = Debug|Any CPU
		{9A733F6B-AAF2-4C34-9FE2-400339E7EA5F}.Release|Any CPU.ActiveCfg = Release|Any CPU
		{9A733F6B-AAF2-4C34-9FE2-400339E7EA5F}.Release|Any CPU.Build.0 = Release|Any CPU
		{A4717E52-00DD-481F-937A-D13F6855B492}.Debug|Any CPU.ActiveCfg = Debug|Any CPU
		{A4717E52-00DD-481F-937A-D13F6855B492}.Debug|Any CPU.Build.0 = Debug|Any CPU
		{A4717E52-00DD-481F-937A-D13F6855B492}.Release|Any CPU.ActiveCfg = Release|Any CPU
		{A4717E52-00DD-481F-937A-D13F6855B492}.Release|Any CPU.Build.0 = Release|Any CPU
		{99C619A3-E2FA-46B0-9986-3A1C8039723B}.Debug|Any CPU.ActiveCfg = Debug|Any CPU
		{99C619A3-E2FA-46B0-9986-3A1C8039723B}.Debug|Any CPU.Build.0 = Debug|Any CPU
		{99C619A3-E2FA-46B0-9986-3A1C8039723B}.Release|Any CPU.ActiveCfg = Release|Any CPU
		{99C619A3-E2FA-46B0-9986-3A1C8039723B}.Release|Any CPU.Build.0 = Release|Any CPU
		{A9319068-F5B8-4468-BCB3-5A11DB9EC1DD}.Debug|Any CPU.ActiveCfg = Debug|Any CPU
		{A9319068-F5B8-4468-BCB3-5A11DB9EC1DD}.Debug|Any CPU.Build.0 = Debug|Any CPU
		{A9319068-F5B8-4468-BCB3-5A11DB9EC1DD}.Release|Any CPU.ActiveCfg = Release|Any CPU
		{A9319068-F5B8-4468-BCB3-5A11DB9EC1DD}.Release|Any CPU.Build.0 = Release|Any CPU
		{D7FFBAA4-BBD3-4694-8C83-AA69E0EF83CB}.Debug|Any CPU.ActiveCfg = Debug|Any CPU
		{D7FFBAA4-BBD3-4694-8C83-AA69E0EF83CB}.Debug|Any CPU.Build.0 = Debug|Any CPU
		{D7FFBAA4-BBD3-4694-8C83-AA69E0EF83CB}.Release|Any CPU.ActiveCfg = Release|Any CPU
		{D7FFBAA4-BBD3-4694-8C83-AA69E0EF83CB}.Release|Any CPU.Build.0 = Release|Any CPU
		{E7B6524C-1848-41F2-8948-B545AE132618}.Debug|Any CPU.ActiveCfg = Debug|Any CPU
		{E7B6524C-1848-41F2-8948-B545AE132618}.Debug|Any CPU.Build.0 = Debug|Any CPU
		{E7B6524C-1848-41F2-8948-B545AE132618}.Release|Any CPU.ActiveCfg = Release|Any CPU
		{E7B6524C-1848-41F2-8948-B545AE132618}.Release|Any CPU.Build.0 = Release|Any CPU
		{AF14C545-D9E2-4E37-B23A-E4D7A3666C43}.Debug|Any CPU.ActiveCfg = Debug|Any CPU
		{AF14C545-D9E2-4E37-B23A-E4D7A3666C43}.Debug|Any CPU.Build.0 = Debug|Any CPU
		{AF14C545-D9E2-4E37-B23A-E4D7A3666C43}.Release|Any CPU.ActiveCfg = Release|Any CPU
		{AF14C545-D9E2-4E37-B23A-E4D7A3666C43}.Release|Any CPU.Build.0 = Release|Any CPU
		{62004AE6-B2DD-490E-BAD7-502D398BFEDF}.Debug|Any CPU.ActiveCfg = Debug|Any CPU
		{62004AE6-B2DD-490E-BAD7-502D398BFEDF}.Debug|Any CPU.Build.0 = Debug|Any CPU
		{62004AE6-B2DD-490E-BAD7-502D398BFEDF}.Release|Any CPU.ActiveCfg = Release|Any CPU
		{62004AE6-B2DD-490E-BAD7-502D398BFEDF}.Release|Any CPU.Build.0 = Release|Any CPU
		{D6160DEC-C6A2-4B3E-8777-E08CAA3A59D1}.Debug|Any CPU.ActiveCfg = Debug|Any CPU
		{D6160DEC-C6A2-4B3E-8777-E08CAA3A59D1}.Debug|Any CPU.Build.0 = Debug|Any CPU
		{D6160DEC-C6A2-4B3E-8777-E08CAA3A59D1}.Release|Any CPU.ActiveCfg = Release|Any CPU
		{D6160DEC-C6A2-4B3E-8777-E08CAA3A59D1}.Release|Any CPU.Build.0 = Release|Any CPU
		{A6FE207C-94A3-478B-957F-4336D1B45E95}.Debug|Any CPU.ActiveCfg = Debug|Any CPU
		{A6FE207C-94A3-478B-957F-4336D1B45E95}.Debug|Any CPU.Build.0 = Debug|Any CPU
		{A6FE207C-94A3-478B-957F-4336D1B45E95}.Release|Any CPU.ActiveCfg = Release|Any CPU
		{A6FE207C-94A3-478B-957F-4336D1B45E95}.Release|Any CPU.Build.0 = Release|Any CPU
		{4BCB8470-8749-443F-9C6A-C28DC21C8132}.Debug|Any CPU.ActiveCfg = Debug|Any CPU
		{4BCB8470-8749-443F-9C6A-C28DC21C8132}.Debug|Any CPU.Build.0 = Debug|Any CPU
		{4BCB8470-8749-443F-9C6A-C28DC21C8132}.Release|Any CPU.ActiveCfg = Release|Any CPU
		{4BCB8470-8749-443F-9C6A-C28DC21C8132}.Release|Any CPU.Build.0 = Release|Any CPU
		{AAC60DC8-529A-4FBC-A13A-8E3F0CD46FF1}.Debug|Any CPU.ActiveCfg = Debug|Any CPU
		{AAC60DC8-529A-4FBC-A13A-8E3F0CD46FF1}.Debug|Any CPU.Build.0 = Debug|Any CPU
		{AAC60DC8-529A-4FBC-A13A-8E3F0CD46FF1}.Release|Any CPU.ActiveCfg = Release|Any CPU
		{AAC60DC8-529A-4FBC-A13A-8E3F0CD46FF1}.Release|Any CPU.Build.0 = Release|Any CPU
		{F2B5121C-D641-4951-B1A5-F9C2197E5C69}.Debug|Any CPU.ActiveCfg = Debug|Any CPU
		{F2B5121C-D641-4951-B1A5-F9C2197E5C69}.Debug|Any CPU.Build.0 = Debug|Any CPU
		{F2B5121C-D641-4951-B1A5-F9C2197E5C69}.Release|Any CPU.ActiveCfg = Release|Any CPU
		{F2B5121C-D641-4951-B1A5-F9C2197E5C69}.Release|Any CPU.Build.0 = Release|Any CPU
		{CEF2C679-8578-455D-BA4F-8DF323F20877}.Debug|Any CPU.ActiveCfg = Debug|Any CPU
		{CEF2C679-8578-455D-BA4F-8DF323F20877}.Debug|Any CPU.Build.0 = Debug|Any CPU
		{CEF2C679-8578-455D-BA4F-8DF323F20877}.Release|Any CPU.ActiveCfg = Release|Any CPU
		{CEF2C679-8578-455D-BA4F-8DF323F20877}.Release|Any CPU.Build.0 = Release|Any CPU
		{EA8C3DB2-0E78-444C-A676-BC605208BC6E}.Debug|Any CPU.ActiveCfg = Debug|Any CPU
		{EA8C3DB2-0E78-444C-A676-BC605208BC6E}.Debug|Any CPU.Build.0 = Debug|Any CPU
		{EA8C3DB2-0E78-444C-A676-BC605208BC6E}.Release|Any CPU.ActiveCfg = Release|Any CPU
		{EA8C3DB2-0E78-444C-A676-BC605208BC6E}.Release|Any CPU.Build.0 = Release|Any CPU
		{2D10179D-79BA-45A2-85EE-D2863E4085DC}.Debug|Any CPU.ActiveCfg = Debug|Any CPU
		{2D10179D-79BA-45A2-85EE-D2863E4085DC}.Debug|Any CPU.Build.0 = Debug|Any CPU
		{2D10179D-79BA-45A2-85EE-D2863E4085DC}.Release|Any CPU.ActiveCfg = Release|Any CPU
		{2D10179D-79BA-45A2-85EE-D2863E4085DC}.Release|Any CPU.Build.0 = Release|Any CPU
	EndGlobalSection
	GlobalSection(SolutionProperties) = preSolution
		HideSolutionNode = FALSE
	EndGlobalSection
	GlobalSection(NestedProjects) = preSolution
		{25CD567D-AA15-4535-9ADA-4F8786E3D389} = {C9894A26-E2CA-442E-9B18-5E05756C6C8A}
		{B505FFF4-D0F1-4459-8FBB-B3F219B29766} = {C9894A26-E2CA-442E-9B18-5E05756C6C8A}
		{96906E9E-5C38-4FDA-B2A6-F876998F451D} = {C9894A26-E2CA-442E-9B18-5E05756C6C8A}
		{A5D0D063-5505-4840-90DD-5485C4A887BA} = {C9894A26-E2CA-442E-9B18-5E05756C6C8A}
		{A4717E52-00DD-481F-937A-D13F6855B492} = {A5D0D063-5505-4840-90DD-5485C4A887BA}
		{99C619A3-E2FA-46B0-9986-3A1C8039723B} = {A5D0D063-5505-4840-90DD-5485C4A887BA}
		{A9319068-F5B8-4468-BCB3-5A11DB9EC1DD} = {A5D0D063-5505-4840-90DD-5485C4A887BA}
		{D7FFBAA4-BBD3-4694-8C83-AA69E0EF83CB} = {25CD567D-AA15-4535-9ADA-4F8786E3D389}
		{E7B6524C-1848-41F2-8948-B545AE132618} = {25CD567D-AA15-4535-9ADA-4F8786E3D389}
		{AF14C545-D9E2-4E37-B23A-E4D7A3666C43} = {25CD567D-AA15-4535-9ADA-4F8786E3D389}
		{62004AE6-B2DD-490E-BAD7-502D398BFEDF} = {B505FFF4-D0F1-4459-8FBB-B3F219B29766}
		{D6160DEC-C6A2-4B3E-8777-E08CAA3A59D1} = {B505FFF4-D0F1-4459-8FBB-B3F219B29766}
		{A6FE207C-94A3-478B-957F-4336D1B45E95} = {B505FFF4-D0F1-4459-8FBB-B3F219B29766}
		{4BCB8470-8749-443F-9C6A-C28DC21C8132} = {4A307B05-8BA7-40F2-A070-0BF64B3E0EC4}
		{AAC60DC8-529A-4FBC-A13A-8E3F0CD46FF1} = {8AC597F6-936D-43B1-A28F-82B926FE238C}
		{F2B5121C-D641-4951-B1A5-F9C2197E5C69} = {96906E9E-5C38-4FDA-B2A6-F876998F451D}
		{CEF2C679-8578-455D-BA4F-8DF323F20877} = {78BD3F05-9CC5-4DD9-A88D-03A86F11AF7E}
		{EA8C3DB2-0E78-444C-A676-BC605208BC6E} = {78BD3F05-9CC5-4DD9-A88D-03A86F11AF7E}
		{2D10179D-79BA-45A2-85EE-D2863E4085DC} = {78BD3F05-9CC5-4DD9-A88D-03A86F11AF7E}
	EndGlobalSection
	GlobalSection(ExtensibilityGlobals) = postSolution
		SolutionGuid = {F2BF43AE-99B6-48FD-81E5-2F9D953A923D}
	EndGlobalSection
EndGlobal
